# THIS IS AN AUTOGENERATED FILE. DO NOT EDIT THIS FILE DIRECTLY.
# yarn lockfile v1


"@babel/runtime@^7.15.3", "@babel/runtime@^7.15.4", "@babel/runtime@^7.16.3":
  version "7.17.2"
  resolved "https://registry.yarnpkg.com/@babel/runtime/-/runtime-7.17.2.tgz#66f68591605e59da47523c631416b18508779941"
  integrity sha512-hzeyJyMA1YGdJTuWU0e/j4wKXrU4OMFvY2MSlaI9B7VQb0r5cxTE3EAIS2Q7Tn2RIcDkRvTA/v2JsAEhxe99uw==
  dependencies:
    regenerator-runtime "^0.13.4"

"@babel/runtime@^7.17.2":
  version "7.20.1"
  resolved "https://registry.yarnpkg.com/@babel/runtime/-/runtime-7.20.1.tgz#1148bb33ab252b165a06698fde7576092a78b4a9"
  integrity sha512-mrzLkl6U9YLF8qpqI7TB82PESyEGjm/0Ly91jG575eVxMMlb8fYfOXFZIJ8XfLrJZQbm7dlKry2bJmXBUEkdFg==
  dependencies:
    regenerator-runtime "^0.13.10"

"@cspotcode/source-map-support@^0.8.0":
  version "0.8.1"
  resolved "https://registry.yarnpkg.com/@cspotcode/source-map-support/-/source-map-support-0.8.1.tgz#00629c35a688e05a88b1cda684fb9d5e73f000a1"
  integrity sha512-IchNf6dN4tHoMFIn/7OE8LWZ19Y6q/67Bmf6vnGREv8RSbBVb9LPJxEcnwrcwX6ixSvaiGoomAUvu4YSxXrVgw==
  dependencies:
    "@jridgewell/trace-mapping" "0.3.9"

"@joystream/metadata-protobuf@^1.0.0":
  version "1.0.1"
  resolved "https://registry.yarnpkg.com/@joystream/metadata-protobuf/-/metadata-protobuf-1.0.1.tgz#8de874243c3cf8cad2d53e19700ea8ad61df5ebf"
  integrity sha512-5jYC7vyUTMO6Xd+PC4Pad60FyzO3RrKr+ZzUjwbQT5LlryMcaaXfX/yX7vmIgemRexI2kmKxNWepohUsqgqA4A==
  dependencies:
    "@types/iso-3166-2" "^1.0.0"
    "@types/long" "^4.0.1"
    google-protobuf "^3.14.0"
    i18n-iso-countries "^6.8.0"
    iso-3166-2 "^1.0.0"
    iso-639-1 "^2.1.9"
    long "^4.0.0"
    protobufjs "^6.11.2"

"@joystream/types@^0.17.3":
  version "0.17.3"
  resolved "https://registry.yarnpkg.com/@joystream/types/-/types-0.17.3.tgz#47259340272b0313c81e3d7bb75f0cf8a1c8a875"
  integrity sha512-jzJRORVvAYeG74VytgDX26wEzlJw1Z9tfu7jrBGXW5ClSGef0/Ajez84B3tu24ZyYaoioYAUFYTxhBJ2P4SIXw==
  dependencies:
    "@polkadot/api" "5.9.1"
    "@polkadot/keyring" "7.3.1"
    "@polkadot/types" "5.9.1"
    "@types/lodash" "^4.14.157"
    "@types/vfile" "^4.0.0"
    ajv "^6.11.0"
    lodash "^4.17.15"
    moment "^2.24.0"

"@jridgewell/resolve-uri@^3.0.3":
  version "3.1.0"
  resolved "https://registry.yarnpkg.com/@jridgewell/resolve-uri/-/resolve-uri-3.1.0.tgz#2203b118c157721addfe69d47b70465463066d78"
  integrity sha512-F2msla3tad+Mfht5cJq7LSXcdudKTWCVYUgw6pLFOOHSTtZlj6SWNYAp+AhuqLmWdBO2X5hPrLcu8cVP8fy28w==

"@jridgewell/sourcemap-codec@^1.4.10":
  version "1.4.14"
  resolved "https://registry.yarnpkg.com/@jridgewell/sourcemap-codec/-/sourcemap-codec-1.4.14.tgz#add4c98d341472a289190b424efbdb096991bb24"
  integrity sha512-XPSJHWmi394fuUuzDnGz1wiKqWfo1yXecHQMRf2l6hztTO+nPru658AyDngaBe7isIxEkRsPR3FZh+s7iVa4Uw==

"@jridgewell/trace-mapping@0.3.9":
  version "0.3.9"
  resolved "https://registry.yarnpkg.com/@jridgewell/trace-mapping/-/trace-mapping-0.3.9.tgz#6534fd5933a53ba7cbf3a17615e273a0d1273ff9"
  integrity sha512-3Belt6tdc8bPgAtbcmdtNJlirVoTmEb5e2gC94PnkwEW9jI6CAHUeoG85tjWP5WquqfavoMtMwiG4P926ZKKuQ==
  dependencies:
    "@jridgewell/resolve-uri" "^3.0.3"
    "@jridgewell/sourcemap-codec" "^1.4.10"

"@polkadot/api-derive@5.9.1":
  version "5.9.1"
  resolved "https://registry.yarnpkg.com/@polkadot/api-derive/-/api-derive-5.9.1.tgz#5937069920ded1439e6672b9d6be1072421b256b"
  integrity sha512-iMrVKnYIS3UQciDlFqww6AFyXgG+iN8UqWu8QbTuZecri3qrSmM3Nn8Jkvju3meZIacwWIMSmBcnj8+zef3rkQ==
  dependencies:
    "@babel/runtime" "^7.15.4"
    "@polkadot/api" "5.9.1"
    "@polkadot/rpc-core" "5.9.1"
    "@polkadot/types" "5.9.1"
    "@polkadot/util" "^7.3.1"
    "@polkadot/util-crypto" "^7.3.1"
    rxjs "^7.3.0"

"@polkadot/api@5.9.1":
  version "5.9.1"
  resolved "https://registry.yarnpkg.com/@polkadot/api/-/api-5.9.1.tgz#ce314cc34f0a47098d039db7b9036bb491c2898c"
  integrity sha512-POpIXn/Ao+NLB0uMldXdXU44dVbRr6+6Ax77Z0R285M8Z2EiF5jl2K3SPvlowLo4SntxiCSaHQxCekYhUcJKlw==
  dependencies:
    "@babel/runtime" "^7.15.4"
    "@polkadot/api-derive" "5.9.1"
    "@polkadot/keyring" "^7.3.1"
    "@polkadot/rpc-core" "5.9.1"
    "@polkadot/rpc-provider" "5.9.1"
    "@polkadot/types" "5.9.1"
    "@polkadot/types-known" "5.9.1"
    "@polkadot/util" "^7.3.1"
    "@polkadot/util-crypto" "^7.3.1"
    eventemitter3 "^4.0.7"
    rxjs "^7.3.0"

"@polkadot/keyring@7.3.1":
  version "7.3.1"
  resolved "https://registry.yarnpkg.com/@polkadot/keyring/-/keyring-7.3.1.tgz#bf36115cfb395567bec9cf13c8e3fc0fb39c802a"
  integrity sha512-3lbwIjUql8yjs6AR2fMdCgmTc5D9ne7+y2jqHmGjyzVQFz1w1jiHb+N38L0pwl9/23UxmzC3aVvHLfl3gEGSIQ==
  dependencies:
    "@babel/runtime" "^7.15.3"
    "@polkadot/util" "7.3.1"
    "@polkadot/util-crypto" "7.3.1"

"@polkadot/keyring@7.9.2", "@polkadot/keyring@^7.3.1":
  version "7.9.2"
  resolved "https://registry.yarnpkg.com/@polkadot/keyring/-/keyring-7.9.2.tgz#1f5bf6b7bdb5942d275aebf72d4ed98abe874fa8"
  integrity sha512-6UGoIxhiTyISkYEZhUbCPpgVxaneIfb/DBVlHtbvaABc8Mqh1KuqcTIq19Mh9wXlBuijl25rw4lUASrE/9sBqg==
  dependencies:
    "@babel/runtime" "^7.16.3"
    "@polkadot/util" "7.9.2"
    "@polkadot/util-crypto" "7.9.2"

"@polkadot/networks@7.9.2", "@polkadot/networks@^7.3.1":
  version "7.9.2"
  resolved "https://registry.yarnpkg.com/@polkadot/networks/-/networks-7.9.2.tgz#03e3f3ac6bdea177517436537826055df60bcb9a"
  integrity sha512-4obI1RdW5/7TFwbwKA9oqw8aggVZ65JAUvIFMd2YmMC2T4+NiZLnok0WhRkhZkUnqjLIHXYNwq7Ho1i39dte0g==
  dependencies:
    "@babel/runtime" "^7.16.3"

"@polkadot/rpc-core@5.9.1":
  version "5.9.1"
  resolved "https://registry.yarnpkg.com/@polkadot/rpc-core/-/rpc-core-5.9.1.tgz#68e2a2ea18c15aa15743e7487a407fdd65d1d900"
  integrity sha512-5fXiICAcjp7ow81DnIl2Dq/xuCtJUqyjJkxe9jNHJWBluBxOouqYDb8bYPPGSdckiaVyYe0l8lA9fBUFMdEt6w==
  dependencies:
    "@babel/runtime" "^7.15.4"
    "@polkadot/rpc-provider" "5.9.1"
    "@polkadot/types" "5.9.1"
    "@polkadot/util" "^7.3.1"
    rxjs "^7.3.0"

"@polkadot/rpc-provider@5.9.1":
  version "5.9.1"
  resolved "https://registry.yarnpkg.com/@polkadot/rpc-provider/-/rpc-provider-5.9.1.tgz#8e67769c05ba71ecf4f5bc0c5a60eb9afc699167"
  integrity sha512-9zamxfnsY7iCswXIK22W0Ji1XHLprm97js3WLw3lP2hr/uSim4Cv4y07zY/z4dDQyF0gJtjKwR27Wo9CZqdr6A==
  dependencies:
    "@babel/runtime" "^7.15.4"
    "@polkadot/types" "5.9.1"
    "@polkadot/util" "^7.3.1"
    "@polkadot/util-crypto" "^7.3.1"
    "@polkadot/x-fetch" "^7.3.1"
    "@polkadot/x-global" "^7.3.1"
    "@polkadot/x-ws" "^7.3.1"
    eventemitter3 "^4.0.7"

"@polkadot/ts@^0.4.8":
  version "0.4.22"
  resolved "https://registry.yarnpkg.com/@polkadot/ts/-/ts-0.4.22.tgz#f97f6a2134fda700d79ddd03ff39b96de384438d"
  integrity sha512-iEo3iaWxCnLiQOYhoXu9pCnBuG9QdCCBfMJoVLgO+66dFnfjnXIc0gb6wEcTFPpJRc1QmC8JP+3xJauQ0pXwOQ==
  dependencies:
    "@types/chrome" "^0.0.171"

"@polkadot/types-known@5.9.1":
  version "5.9.1"
  resolved "https://registry.yarnpkg.com/@polkadot/types-known/-/types-known-5.9.1.tgz#e52fc7b803bc7cb3f41028f88963deb4ccee40af"
  integrity sha512-7lpLuIVGaKziQRzPMnTxyjlYy3spL6WqUg3CcEzmJUKQeUonHglOliQh8JSSz1bcP+YuNHGXK1cKsTjHb+GYxA==
  dependencies:
    "@babel/runtime" "^7.15.4"
    "@polkadot/networks" "^7.3.1"
    "@polkadot/types" "5.9.1"
    "@polkadot/util" "^7.3.1"

"@polkadot/types@5.9.1":
  version "5.9.1"
  resolved "https://registry.yarnpkg.com/@polkadot/types/-/types-5.9.1.tgz#74cf4695795f2aa365ff85d3873e22c430100bc9"
  integrity sha512-30vcSlNBxPyWYZaxKDr/BoMhfLCRKB265XxpnnNJmbdZZsL+N4Zp2mJR9/UbA6ypmJBkUjD7b1s9AYsLwUs+8w==
  dependencies:
    "@babel/runtime" "^7.15.4"
    "@polkadot/util" "^7.3.1"
    "@polkadot/util-crypto" "^7.3.1"
    rxjs "^7.3.0"

"@polkadot/util-crypto@7.3.1", "@polkadot/util-crypto@7.9.2", "@polkadot/util-crypto@^7.3.1":
  version "7.9.2"
  resolved "https://registry.yarnpkg.com/@polkadot/util-crypto/-/util-crypto-7.9.2.tgz#cdc336f92a6bc3d40c5a23734e1974fb777817f0"
  integrity sha512-nNwqUwP44eCH9jKKcPie+IHLKkg9LMe6H7hXo91hy3AtoslnNrT51tP3uAm5yllhLvswJfnAgnlHq7ybCgqeFw==
  dependencies:
    "@babel/runtime" "^7.16.3"
    "@polkadot/networks" "7.9.2"
    "@polkadot/util" "7.9.2"
    "@polkadot/wasm-crypto" "^4.4.1"
    "@polkadot/x-randomvalues" "7.9.2"
    blakejs "^1.1.1"
    bn.js "^4.12.0"
    create-hash "^1.2.0"
    ed2curve "^0.3.0"
    elliptic "^6.5.4"
    hash.js "^1.1.7"
    js-sha3 "^0.8.0"
    micro-base "^0.9.0"
    scryptsy "^2.1.0"
    tweetnacl "^1.0.3"
    xxhashjs "^0.2.2"

"@polkadot/util@7.3.1":
  version "7.3.1"
  resolved "https://registry.yarnpkg.com/@polkadot/util/-/util-7.3.1.tgz#1a33a8d4ef2dcbc3e14a9a919f30bb16360a6fae"
  integrity sha512-fjz5yjgZgfgRXZw9zMufmPBHhjAVtk/M2+lgl1a6Fck43Q4TG2Ux1haXMlaoe37cFeh8XgDAzDEQVIYBIPy6sg==
  dependencies:
    "@babel/runtime" "^7.15.3"
    "@polkadot/x-textdecoder" "7.3.1"
    "@polkadot/x-textencoder" "7.3.1"
    "@types/bn.js" "^4.11.6"
    bn.js "^4.12.0"
    camelcase "^6.2.0"
    ip-regex "^4.3.0"

"@polkadot/util@7.9.2", "@polkadot/util@^7.3.1":
  version "7.9.2"
  resolved "https://registry.yarnpkg.com/@polkadot/util/-/util-7.9.2.tgz#567ac659516d6b685ed7e796919901d92e5cbe6b"
  integrity sha512-6ABY6ErgkCsM4C6+X+AJSY4pBGwbKlHZmUtHftaiTvbaj4XuA4nTo3GU28jw8wY0Jh2cJZJvt6/BJ5GVkm5tBA==
  dependencies:
    "@babel/runtime" "^7.16.3"
    "@polkadot/x-textdecoder" "7.9.2"
    "@polkadot/x-textencoder" "7.9.2"
    "@types/bn.js" "^4.11.6"
    bn.js "^4.12.0"
    camelcase "^6.2.1"
    ip-regex "^4.3.0"

"@polkadot/wasm-crypto-asmjs@^4.6.1":
  version "4.6.1"
  resolved "https://registry.yarnpkg.com/@polkadot/wasm-crypto-asmjs/-/wasm-crypto-asmjs-4.6.1.tgz#4f4a5adcf8dce65666eaa0fb16b6ff7b0243aead"
  integrity sha512-1oHQjz2oEO1kCIcQniOP+dZ9N2YXf2yCLHLsKaKSvfXiWaetVCaBNB8oIHIVYvuLnVc8qlMi66O6xc1UublHsw==
  dependencies:
    "@babel/runtime" "^7.17.2"

"@polkadot/wasm-crypto-wasm@^4.6.1":
  version "4.6.1"
  resolved "https://registry.yarnpkg.com/@polkadot/wasm-crypto-wasm/-/wasm-crypto-wasm-4.6.1.tgz#882d8199e216966c612f56a18e31f6aaae77e7eb"
  integrity sha512-NI3JVwmLjrSYpSVuhu0yeQYSlsZrdpK41UC48sY3kyxXC71pi6OVePbtHS1K3xh3FFmDd9srSchExi3IwzKzMw==
  dependencies:
    "@babel/runtime" "^7.17.2"

"@polkadot/wasm-crypto@^4.4.1":
  version "4.6.1"
  resolved "https://registry.yarnpkg.com/@polkadot/wasm-crypto/-/wasm-crypto-4.6.1.tgz#12f8481e6f9021928435168beb0697d57ff573e9"
  integrity sha512-2wEftBDxDG+TN8Ah6ogtvzjdZdcF0mAjU4UNNOfpmkBCxQYZOrAHB8HXhzo3noSsKkLX7PDX57NxvJ9OhoTAjw==
  dependencies:
    "@babel/runtime" "^7.17.2"
    "@polkadot/wasm-crypto-asmjs" "^4.6.1"
    "@polkadot/wasm-crypto-wasm" "^4.6.1"

"@polkadot/x-fetch@^7.3.1":
  version "7.9.2"
  resolved "https://registry.yarnpkg.com/@polkadot/x-fetch/-/x-fetch-7.9.2.tgz#fe943be5854f7355630388b1b5d2bb52f1a3afb2"
  integrity sha512-zutLkFJVaLVpY3cIGYJD0AReLfAnPr2J82Ca4pvy/BxqwwGYuGLcn36A4m6nliGBP2lcH4oYY+mcCqIwoPWQUQ==
  dependencies:
    "@babel/runtime" "^7.16.3"
    "@polkadot/x-global" "7.9.2"
    "@types/node-fetch" "^2.5.12"
    node-fetch "^2.6.6"

"@polkadot/x-global@7.3.1":
  version "7.3.1"
  resolved "https://registry.yarnpkg.com/@polkadot/x-global/-/x-global-7.3.1.tgz#6e6f9d3347748bd885754c7367f08441a6b7dc6d"
  integrity sha512-Tx2xGyrNLsV+hjfKsAWA03VUnkQGyCeaff6vE7Fi9iZo/4L4BdrQKhJgQrX8PQuOhrcv1B1GDuaYiXr7dwBR1g==
  dependencies:
    "@babel/runtime" "^7.15.3"

"@polkadot/x-global@7.9.2", "@polkadot/x-global@^7.3.1":
  version "7.9.2"
  resolved "https://registry.yarnpkg.com/@polkadot/x-global/-/x-global-7.9.2.tgz#b272b0a3bedaad3bcbf075ec4682abe68cf2a850"
  integrity sha512-JX5CrGWckHf1P9xKXq4vQCAuMUbL81l2hOWX7xeP8nv4caHEpmf5T1wD1iMdQBL5PFifo6Pg0V6/oZBB+bts7A==
  dependencies:
    "@babel/runtime" "^7.16.3"

"@polkadot/x-randomvalues@7.9.2":
  version "7.9.2"
  resolved "https://registry.yarnpkg.com/@polkadot/x-randomvalues/-/x-randomvalues-7.9.2.tgz#0c9bb7b48a0791c2a32e9605a31a5ce56fee621d"
  integrity sha512-svQfG31yCXf6yVyIgP0NgCzEy7oc3Lw054ZspkaqjOivxYdrXaf5w3JSSUyM/MRjI2+nk+B/EyJoMYcfSwTfsQ==
  dependencies:
    "@babel/runtime" "^7.16.3"
    "@polkadot/x-global" "7.9.2"

"@polkadot/x-textdecoder@7.3.1":
  version "7.3.1"
  resolved "https://registry.yarnpkg.com/@polkadot/x-textdecoder/-/x-textdecoder-7.3.1.tgz#e7ffc566483dce42b72c340bbaa1e76bbc5b2d3d"
  integrity sha512-AkGrJ8C8kLvs7uxKMMqkBZmUbm8k3CBvq7FLnfUaQQXha4/3G3u+g3UqSTJ8+nETwRrfpjAVS77fmFx+6Nkxng==
  dependencies:
    "@babel/runtime" "^7.15.3"
    "@polkadot/x-global" "7.3.1"

"@polkadot/x-textdecoder@7.9.2":
  version "7.9.2"
  resolved "https://registry.yarnpkg.com/@polkadot/x-textdecoder/-/x-textdecoder-7.9.2.tgz#a78548e33efeb3a25f761fec9787b2bcae7f0608"
  integrity sha512-wfwbSHXPhrOAl12QvlIOGNkMH/N/h8PId2ytIjvM/8zPPFB5Il6DWSFLtVapOGEpIFjEWbd5t8Td4pHBVXIEbg==
  dependencies:
    "@babel/runtime" "^7.16.3"
    "@polkadot/x-global" "7.9.2"

"@polkadot/x-textencoder@7.3.1":
  version "7.3.1"
  resolved "https://registry.yarnpkg.com/@polkadot/x-textencoder/-/x-textencoder-7.3.1.tgz#8c08dacdac677d7a8e021437ce2b31d90a041519"
  integrity sha512-1yePbvbQ9U9ScRilQ/aH6CwgoSG8njH27XVzRR7WnulAMKbF3IvHgU56IlBZneHIojAy252yp2ldBG09PDIXeg==
  dependencies:
    "@babel/runtime" "^7.15.3"
    "@polkadot/x-global" "7.3.1"

"@polkadot/x-textencoder@7.9.2":
  version "7.9.2"
  resolved "https://registry.yarnpkg.com/@polkadot/x-textencoder/-/x-textencoder-7.9.2.tgz#b32bfd6fbff8587c56452f58252a52d62bbcd5b9"
  integrity sha512-A19wwYINuZwU2dUyQ/mMzB0ISjyfc4cISfL4zCMUAVgj7xVoXMYV2GfjNdMpA8Wsjch3su6pxLbtJ2wU03sRTQ==
  dependencies:
    "@babel/runtime" "^7.16.3"
    "@polkadot/x-global" "7.9.2"

"@polkadot/x-ws@^7.3.1":
  version "7.9.2"
  resolved "https://registry.yarnpkg.com/@polkadot/x-ws/-/x-ws-7.9.2.tgz#016df26fa829b74f8b1e31a1dcd6e34256c1231f"
  integrity sha512-+yppMsZtvDztVOSmkqAQuhR6TfV1Axa6ergAsWb52DrfXvFP5geqtARsI6ZdDgMsE3qHSVQTcJz8vgNOr5+ztQ==
  dependencies:
    "@babel/runtime" "^7.16.3"
    "@polkadot/x-global" "7.9.2"
    "@types/websocket" "^1.0.4"
    websocket "^1.0.34"

"@protobufjs/aspromise@^1.1.1", "@protobufjs/aspromise@^1.1.2":
  version "1.1.2"
  resolved "https://registry.yarnpkg.com/@protobufjs/aspromise/-/aspromise-1.1.2.tgz#9b8b0cc663d669a7d8f6f5d0893a14d348f30fbf"
  integrity sha512-j+gKExEuLmKwvz3OgROXtrJ2UG2x8Ch2YZUxahh+s1F2HZ+wAceUNLkvy6zKCPVRkU++ZWQrdxsUeQXmcg4uoQ==

"@protobufjs/base64@^1.1.2":
  version "1.1.2"
  resolved "https://registry.yarnpkg.com/@protobufjs/base64/-/base64-1.1.2.tgz#4c85730e59b9a1f1f349047dbf24296034bb2735"
  integrity sha512-AZkcAA5vnN/v4PDqKyMR5lx7hZttPDgClv83E//FMNhR2TMcLUhfRUBHCmSl0oi9zMgDDqRUJkSxO3wm85+XLg==

"@protobufjs/codegen@^2.0.4":
  version "2.0.4"
  resolved "https://registry.yarnpkg.com/@protobufjs/codegen/-/codegen-2.0.4.tgz#7ef37f0d010fb028ad1ad59722e506d9262815cb"
  integrity sha512-YyFaikqM5sH0ziFZCN3xDC7zeGaB/d0IUb9CATugHWbd1FRFwWwt4ld4OYMPWu5a3Xe01mGAULCdqhMlPl29Jg==

"@protobufjs/eventemitter@^1.1.0":
  version "1.1.0"
  resolved "https://registry.yarnpkg.com/@protobufjs/eventemitter/-/eventemitter-1.1.0.tgz#355cbc98bafad5978f9ed095f397621f1d066b70"
  integrity sha512-j9ednRT81vYJ9OfVuXG6ERSTdEL1xVsNgqpkxMsbIabzSo3goCjDIveeGv5d03om39ML71RdmrGNjG5SReBP/Q==

"@protobufjs/fetch@^1.1.0":
  version "1.1.0"
  resolved "https://registry.yarnpkg.com/@protobufjs/fetch/-/fetch-1.1.0.tgz#ba99fb598614af65700c1619ff06d454b0d84c45"
  integrity sha512-lljVXpqXebpsijW71PZaCYeIcE5on1w5DlQy5WH6GLbFryLUrBD4932W/E2BSpfRJWseIL4v/KPgBFxDOIdKpQ==
  dependencies:
    "@protobufjs/aspromise" "^1.1.1"
    "@protobufjs/inquire" "^1.1.0"

"@protobufjs/float@^1.0.2":
  version "1.0.2"
  resolved "https://registry.yarnpkg.com/@protobufjs/float/-/float-1.0.2.tgz#5e9e1abdcb73fc0a7cb8b291df78c8cbd97b87d1"
  integrity sha512-Ddb+kVXlXst9d+R9PfTIxh1EdNkgoRe5tOX6t01f1lYWOvJnSPDBlG241QLzcyPdoNTsblLUdujGSE4RzrTZGQ==

"@protobufjs/inquire@^1.1.0":
  version "1.1.0"
  resolved "https://registry.yarnpkg.com/@protobufjs/inquire/-/inquire-1.1.0.tgz#ff200e3e7cf2429e2dcafc1140828e8cc638f089"
  integrity sha512-kdSefcPdruJiFMVSbn801t4vFK7KB/5gd2fYvrxhuJYg8ILrmn9SKSX2tZdV6V+ksulWqS7aXjBcRXl3wHoD9Q==

"@protobufjs/path@^1.1.2":
  version "1.1.2"
  resolved "https://registry.yarnpkg.com/@protobufjs/path/-/path-1.1.2.tgz#6cc2b20c5c9ad6ad0dccfd21ca7673d8d7fbf68d"
  integrity sha512-6JOcJ5Tm08dOHAbdR3GrvP+yUUfkjG5ePsHYczMFLq3ZmMkAD98cDgcT2iA1lJ9NVwFd4tH/iSSoe44YWkltEA==

"@protobufjs/pool@^1.1.0":
  version "1.1.0"
  resolved "https://registry.yarnpkg.com/@protobufjs/pool/-/pool-1.1.0.tgz#09fd15f2d6d3abfa9b65bc366506d6ad7846ff54"
  integrity sha512-0kELaGSIDBKvcgS4zkjz1PeddatrjYcmMWOlAuAPwAeccUrPHdUqo/J6LiymHHEiJT5NrF1UVwxY14f+fy4WQw==

"@protobufjs/utf8@^1.1.0":
  version "1.1.0"
  resolved "https://registry.yarnpkg.com/@protobufjs/utf8/-/utf8-1.1.0.tgz#a777360b5b39a1a2e5106f8e858f2fd2d060c570"
  integrity sha512-Vvn3zZrhQZkkBE8LSuW3em98c0FwgO4nxzv6OdSxPKJIEKY2bGbHn+mhGIPerzI4twdxaP8/0+06HBpwf345Lw==

"@tsconfig/node10@^1.0.7":
  version "1.0.9"
  resolved "https://registry.yarnpkg.com/@tsconfig/node10/-/node10-1.0.9.tgz#df4907fc07a886922637b15e02d4cebc4c0021b2"
  integrity sha512-jNsYVVxU8v5g43Erja32laIDHXeoNvFEpX33OK4d6hljo3jDhCBDhx5dhCCTMWUojscpAagGiRkBKxpdl9fxqA==

"@tsconfig/node12@^1.0.7":
  version "1.0.11"
  resolved "https://registry.yarnpkg.com/@tsconfig/node12/-/node12-1.0.11.tgz#ee3def1f27d9ed66dac6e46a295cffb0152e058d"
  integrity sha512-cqefuRsh12pWyGsIoBKJA9luFu3mRxCA+ORZvA4ktLSzIuCUtWVxGIuXigEwO5/ywWFMZ2QEGKWvkZG1zDMTag==

"@tsconfig/node14@^1.0.0":
  version "1.0.3"
  resolved "https://registry.yarnpkg.com/@tsconfig/node14/-/node14-1.0.3.tgz#e4386316284f00b98435bf40f72f75a09dabf6c1"
  integrity sha512-ysT8mhdixWK6Hw3i1V2AeRqZ5WfXg1G43mqoYlM2nc6388Fq5jcXyr5mRsqViLx/GJYdoL0bfXD8nmF+Zn/Iow==

"@tsconfig/node16@^1.0.2":
  version "1.0.3"
  resolved "https://registry.yarnpkg.com/@tsconfig/node16/-/node16-1.0.3.tgz#472eaab5f15c1ffdd7f8628bd4c4f753995ec79e"
  integrity sha512-yOlFc+7UtL/89t2ZhjPvvB/DeAr3r+Dq58IgzsFkOAvVC6NMJXmCGjbptdXdR9qsX7pKcTL+s87FtYREi2dEEQ==

"@types/bn.js@^4.11.5", "@types/bn.js@^4.11.6":
  version "4.11.6"
  resolved "https://registry.yarnpkg.com/@types/bn.js/-/bn.js-4.11.6.tgz#c306c70d9358aaea33cd4eda092a742b9505967c"
  integrity sha512-pqr857jrp2kPuO9uRjZ3PwnJTjoQy+fcdxvBTvHm6dkmEL9q+hDD/2j/0ELOBPtPnS8LjCX0gI9nbl8lVkadpg==
  dependencies:
    "@types/node" "*"

"@types/chrome@^0.0.171":
  version "0.0.171"
  resolved "https://registry.yarnpkg.com/@types/chrome/-/chrome-0.0.171.tgz#6ee9aca52fabbe645372088fcc86b33cff33fcba"
  integrity sha512-CnCwFKI3COygib3DNJrCjePeoU2OCDGGbUcmftXtQ3loMABsLgwpG8z+LxV4kjQJFzmJDqOyhCSsbY9yyEfapQ==
  dependencies:
    "@types/filesystem" "*"
    "@types/har-format" "*"

"@types/filesystem@*":
  version "0.0.32"
  resolved "https://registry.yarnpkg.com/@types/filesystem/-/filesystem-0.0.32.tgz#307df7cc084a2293c3c1a31151b178063e0a8edf"
  integrity sha512-Yuf4jR5YYMR2DVgwuCiP11s0xuVRyPKmz8vo6HBY3CGdeMj8af93CFZX+T82+VD1+UqHOxTq31lO7MI7lepBtQ==
  dependencies:
    "@types/filewriter" "*"

"@types/filewriter@*":
  version "0.0.29"
  resolved "https://registry.yarnpkg.com/@types/filewriter/-/filewriter-0.0.29.tgz#a48795ecadf957f6c0d10e0c34af86c098fa5bee"
  integrity sha512-BsPXH/irW0ht0Ji6iw/jJaK8Lj3FJemon2gvEqHKpCdDCeemHa+rI3WBGq5z7cDMZgoLjY40oninGxqk+8NzNQ==

"@types/har-format@*":
  version "1.2.8"
  resolved "https://registry.yarnpkg.com/@types/har-format/-/har-format-1.2.8.tgz#e6908b76d4c88be3db642846bb8b455f0bfb1c4e"
  integrity sha512-OP6L9VuZNdskgNN3zFQQ54ceYD8OLq5IbqO4VK91ORLfOm7WdT/CiT/pHEBSQEqCInJ2y3O6iCm/zGtPElpgJQ==

"@types/iso-3166-2@^1.0.0":
  version "1.0.0"
  resolved "https://registry.yarnpkg.com/@types/iso-3166-2/-/iso-3166-2-1.0.0.tgz#98a7b6e505c031e83c5aac13c9c49f9d9f6ca234"
  integrity sha512-DYDyoRyPyxBeI9bYoTXLfsOZH12m1anrWEj9LU5Sl9rgsJ4soJMYf/7byozM+64Smn6/a1i079eQLGuPykwaHQ==

"@types/lodash@^4.14.157":
  version "4.14.179"
  resolved "https://registry.yarnpkg.com/@types/lodash/-/lodash-4.14.179.tgz#490ec3288088c91295780237d2497a3aa9dfb5c5"
  integrity sha512-uwc1x90yCKqGcIOAT6DwOSuxnrAbpkdPsUOZtwrXb4D/6wZs+6qG7QnIawDuZWg0sWpxl+ltIKCaLoMlna678w==

"@types/long@^4.0.1":
  version "4.0.2"
  resolved "https://registry.yarnpkg.com/@types/long/-/long-4.0.2.tgz#b74129719fc8d11c01868010082d483b7545591a"
  integrity sha512-MqTGEo5bj5t157U6fA/BiDynNkn0YknVdh48CMPkTSpFTVmvao5UQmm7uEF6xBEo7qIMAlY/JSleYaE6VOdpaA==

"@types/node-fetch@^2.5.12":
  version "2.6.1"
  resolved "https://registry.yarnpkg.com/@types/node-fetch/-/node-fetch-2.6.1.tgz#8f127c50481db65886800ef496f20bbf15518975"
  integrity sha512-oMqjURCaxoSIsHSr1E47QHzbmzNR5rK8McHuNb11BOM9cHcIK3Avy0s/b2JlXHoQGTYS3NsvWzV1M0iK7l0wbA==
  dependencies:
    "@types/node" "*"
    form-data "^3.0.0"

"@types/node@*", "@types/node@>=13.7.0":
  version "18.11.9"
  resolved "https://registry.yarnpkg.com/@types/node/-/node-18.11.9.tgz#02d013de7058cea16d36168ef2fc653464cfbad4"
  integrity sha512-CRpX21/kGdzjOpFsZSkcrXMGIBWMGNIHXXBVFSH+ggkftxg+XYP20TESbh+zFvFj3EQOl5byk0HTRn1IL6hbqg==

"@types/node@^10.17.18":
  version "10.17.60"
  resolved "https://registry.yarnpkg.com/@types/node/-/node-10.17.60.tgz#35f3d6213daed95da7f0f73e75bcc6980e90597b"
  integrity sha512-F0KIgDJfy2nA3zMLmWGKxcH2ZVEtCZXHHdOQs2gSaQ27+lNeEfGxzkIw90aXswATX7AZ33tahPbzy6KAfUreVw==

"@types/unist@^2.0.0":
  version "2.0.6"
  resolved "https://registry.yarnpkg.com/@types/unist/-/unist-2.0.6.tgz#250a7b16c3b91f672a24552ec64678eeb1d3a08d"
  integrity sha512-PBjIUxZHOuj0R15/xuwJYjFi+KZdNFrehocChv4g5hu6aFroHue8m0lBP0POdK2nKzbw0cgV1mws8+V/JAcEkQ==

"@types/vfile@^4.0.0":
  version "4.0.0"
  resolved "https://registry.yarnpkg.com/@types/vfile/-/vfile-4.0.0.tgz#c32d13cbda319bc9f4ab3cacc0263b4ba1dd1ea3"
  integrity sha512-eleP0/Cz8uVWxARDLi3Axq2+fDdN4ibAXoC6Pv8p6s7znXaUL7XvhgeIhjCiNMnvlLNP+tmCLd+RuCryGgmtEg==
  dependencies:
    vfile "*"

"@types/websocket@^1.0.4":
  version "1.0.5"
  resolved "https://registry.yarnpkg.com/@types/websocket/-/websocket-1.0.5.tgz#3fb80ed8e07f88e51961211cd3682a3a4a81569c"
  integrity sha512-NbsqiNX9CnEfC1Z0Vf4mE1SgAJ07JnRYcNex7AJ9zAVzmiGHmjKFEk7O4TJIsgv2B1sLEb6owKFZrACwdYngsQ==
  dependencies:
    "@types/node" "*"

acorn-walk@^8.1.1:
  version "8.2.0"
  resolved "https://registry.yarnpkg.com/acorn-walk/-/acorn-walk-8.2.0.tgz#741210f2e2426454508853a2f44d0ab83b7f69c1"
  integrity sha512-k+iyHEuPgSw6SbuDpGQM+06HQUa04DZ3o+F6CSzXMvvI5KMvnaEqXe+YVe555R9nn6GPt404fos4wcgpw12SDA==

acorn@^8.4.1:
  version "8.8.1"
  resolved "https://registry.yarnpkg.com/acorn/-/acorn-8.8.1.tgz#0a3f9cbecc4ec3bea6f0a80b66ae8dd2da250b73"
  integrity sha512-7zFpHzhnqYKrkYdUjF1HI1bzd0VygEGX8lFk4k5zVMqHEoES+P+7TKI+EvLO9WVMJ8eekdO0aDEK044xTXwPPA==

ajv@^6.11.0:
  version "6.12.6"
  resolved "https://registry.yarnpkg.com/ajv/-/ajv-6.12.6.tgz#baf5a62e802b07d977034586f8c3baf5adf26df4"
  integrity sha512-j3fVLgvTo527anyYyJOGTYJbG+vnnQYvE0m5mmkc1TK+nxAppkCLMIL0aZ4dblVCNoGShhm+kzE4ZUykBoMg4g==
  dependencies:
    fast-deep-equal "^3.1.1"
    fast-json-stable-stringify "^2.0.0"
    json-schema-traverse "^0.4.1"
    uri-js "^4.2.2"

arg@^4.1.0:
  version "4.1.3"
  resolved "https://registry.yarnpkg.com/arg/-/arg-4.1.3.tgz#269fc7ad5b8e42cb63c896d5666017261c144089"
  integrity sha512-58S9QDqG0Xx27YwPSt9fJxivjYl432YCwfDMfZ+71RAqUrZef7LrKQZ3LHLOwCS4FLNBplP533Zx895SeOCHvA==

asynckit@^0.4.0:
  version "0.4.0"
  resolved "https://registry.yarnpkg.com/asynckit/-/asynckit-0.4.0.tgz#c79ed97f7f34cb8f2ba1bc9790bcc366474b4b79"
  integrity sha1-x57Zf380y48robyXkLzDZkdLS3k=

blakejs@^1.1.1:
  version "1.1.1"
  resolved "https://registry.yarnpkg.com/blakejs/-/blakejs-1.1.1.tgz#bf313053978b2cd4c444a48795710be05c785702"
  integrity sha512-bLG6PHOCZJKNshTjGRBvET0vTciwQE6zFKOKKXPDJfwFBd4Ac0yBfPZqcGvGJap50l7ktvlpFqc2jGVaUgbJgg==

bn.js@^4.11.9, bn.js@^4.12.0:
  version "4.12.0"
  resolved "https://registry.yarnpkg.com/bn.js/-/bn.js-4.12.0.tgz#775b3f278efbb9718eec7361f483fb36fbbfea88"
  integrity sha512-c98Bf3tPniI+scsdk237ku1Dc3ujXQTSgyiPUDEOe7tRkhrqridvh8klBv0HCEso1OLOYcHuCv/cS6DNxKH+ZA==

bn.js@^5.1.2:
  version "5.2.1"
  resolved "https://registry.yarnpkg.com/bn.js/-/bn.js-5.2.1.tgz#0bc527a6a0d18d0aa8d5b0538ce4a77dccfa7b70"
  integrity sha512-eXRvHzWyYPBuB4NBy0cmYQjGitUrtqwbvlzP3G6VFnNRbsZQIxQ10PbKKHt8gZ/HW/D/747aDl+QkDqg3KQLMQ==

brorand@^1.1.0:
  version "1.1.0"
  resolved "https://registry.yarnpkg.com/brorand/-/brorand-1.1.0.tgz#12c25efe40a45e3c323eb8675a0a0ce57b22371f"
  integrity sha1-EsJe/kCkXjwyPrhnWgoM5XsiNx8=

bufferutil@^4.0.1:
  version "4.0.6"
  resolved "https://registry.yarnpkg.com/bufferutil/-/bufferutil-4.0.6.tgz#ebd6c67c7922a0e902f053e5d8be5ec850e48433"
  integrity sha512-jduaYOYtnio4aIAyc6UbvPCVcgq7nYpVnucyxr6eCYg/Woad9Hf/oxxBRDnGGjPfjUm6j5O/uBWhIu4iLebFaw==
  dependencies:
    node-gyp-build "^4.3.0"

camelcase@^6.2.0, camelcase@^6.2.1:
  version "6.3.0"
  resolved "https://registry.yarnpkg.com/camelcase/-/camelcase-6.3.0.tgz#5685b95eb209ac9c0c177467778c9c84df58ba9a"
  integrity sha512-Gmy6FhYlCY7uOElZUSbxo2UCDH8owEk996gkbrpsgGtrJLM3J7jGxl9Ic7Qwwj4ivOE5AWZWRMecDdF7hqGjFA==

cipher-base@^1.0.1:
  version "1.0.4"
  resolved "https://registry.yarnpkg.com/cipher-base/-/cipher-base-1.0.4.tgz#8760e4ecc272f4c363532f926d874aae2c1397de"
  integrity sha512-Kkht5ye6ZGmwv40uUDZztayT2ThLQGfnj/T71N/XzeZeo3nf8foyW7zGTsPYkEya3m5f3cAypH+qe7YOrM1U2Q==
  dependencies:
    inherits "^2.0.1"
    safe-buffer "^5.0.1"

combined-stream@^1.0.8:
  version "1.0.8"
  resolved "https://registry.yarnpkg.com/combined-stream/-/combined-stream-1.0.8.tgz#c3d45a8b34fd730631a110a8a2520682b31d5a7f"
  integrity sha512-FQN4MRfuJeHf7cBbBMJFXhKSDq+2kAArBlmRBvcvFE5BB1HZKXtSFASDhdlz9zOYwxh8lDdnvmMOe/+5cdoEdg==
  dependencies:
    delayed-stream "~1.0.0"

create-hash@^1.2.0:
  version "1.2.0"
  resolved "https://registry.yarnpkg.com/create-hash/-/create-hash-1.2.0.tgz#889078af11a63756bcfb59bd221996be3a9ef196"
  integrity sha512-z00bCGNHDG8mHAkP7CtT1qVu+bFQUPjYq/4Iv3C3kWjTFV10zIjfSoeqXo9Asws8gwSHDGj/hl2u4OGIjapeCg==
  dependencies:
    cipher-base "^1.0.1"
    inherits "^2.0.1"
    md5.js "^1.3.4"
    ripemd160 "^2.0.1"
    sha.js "^2.4.0"

create-require@^1.1.0:
  version "1.1.1"
  resolved "https://registry.yarnpkg.com/create-require/-/create-require-1.1.1.tgz#c1d7e8f1e5f6cfc9ff65f9cd352d37348756c333"
  integrity sha512-dcKFX3jn0MpIaXjisoRvexIJVEKzaq7z2rZKxf+MSr9TkdmHmsU4m2lcLojrj/FHl8mk5VxMmYA+ftRkP/3oKQ==

cuint@^0.2.2:
  version "0.2.2"
  resolved "https://registry.yarnpkg.com/cuint/-/cuint-0.2.2.tgz#408086d409550c2631155619e9fa7bcadc3b991b"
  integrity sha1-QICG1AlVDCYxFVYZ6fp7ytw7mRs=

d@1, d@^1.0.1:
  version "1.0.1"
  resolved "https://registry.yarnpkg.com/d/-/d-1.0.1.tgz#8698095372d58dbee346ffd0c7093f99f8f9eb5a"
  integrity sha512-m62ShEObQ39CfralilEQRjH6oAMtNCV1xJyEx5LpRYUVN+EviphDgUc/F3hnYbADmkiNs67Y+3ylmlG7Lnu+FA==
  dependencies:
    es5-ext "^0.10.50"
    type "^1.0.1"

debug@^2.2.0:
  version "2.6.9"
  resolved "https://registry.yarnpkg.com/debug/-/debug-2.6.9.tgz#5d128515df134ff327e90a4c93f4e077a536341f"
  integrity sha512-bC7ElrdJaJnPbAP+1EotYvqZsb3ecl5wi6Bfi6BJTUcNowp6cvspg0jXznRTKDjm/E7AdgFBVeAPVMNcKGsHMA==
  dependencies:
    ms "2.0.0"

delayed-stream@~1.0.0:
  version "1.0.0"
  resolved "https://registry.yarnpkg.com/delayed-stream/-/delayed-stream-1.0.0.tgz#df3ae199acadfb7d440aaae0b29e2272b24ec619"
  integrity sha1-3zrhmayt+31ECqrgsp4icrJOxhk=

diacritics@1.3.0:
  version "1.3.0"
  resolved "https://registry.yarnpkg.com/diacritics/-/diacritics-1.3.0.tgz#3efa87323ebb863e6696cebb0082d48ff3d6f7a1"
  integrity sha1-PvqHMj67hj5mls67AILUj/PW96E=

diff@^4.0.1:
  version "4.0.2"
  resolved "https://registry.yarnpkg.com/diff/-/diff-4.0.2.tgz#60f3aecb89d5fae520c11aa19efc2bb982aade7d"
  integrity sha512-58lmxKSA4BNyLz+HHMUzlOEpg09FV+ev6ZMe3vJihgdxzgcwZ8VoEEPmALCZG9LmqfVoNMMKpttIYTVG6uDY7A==

ed2curve@^0.3.0:
  version "0.3.0"
  resolved "https://registry.yarnpkg.com/ed2curve/-/ed2curve-0.3.0.tgz#322b575152a45305429d546b071823a93129a05d"
  integrity sha512-8w2fmmq3hv9rCrcI7g9hms2pMunQr1JINfcjwR9tAyZqhtyaMN991lF/ZfHfr5tzZQ8c7y7aBgZbjfbd0fjFwQ==
  dependencies:
    tweetnacl "1.x.x"

elliptic@^6.5.4:
  version "6.5.4"
  resolved "https://registry.yarnpkg.com/elliptic/-/elliptic-6.5.4.tgz#da37cebd31e79a1367e941b592ed1fbebd58abbb"
  integrity sha512-iLhC6ULemrljPZb+QutR5TQGB+pdW6KGD5RSegS+8sorOZT+rdQFbsQFJgvN3eRqNALqJer4oQ16YvJHlU8hzQ==
  dependencies:
    bn.js "^4.11.9"
    brorand "^1.1.0"
    hash.js "^1.0.0"
    hmac-drbg "^1.0.1"
    inherits "^2.0.4"
    minimalistic-assert "^1.0.1"
    minimalistic-crypto-utils "^1.0.1"

es5-ext@^0.10.35, es5-ext@^0.10.50:
  version "0.10.57"
  resolved "https://registry.yarnpkg.com/es5-ext/-/es5-ext-0.10.57.tgz#440574256186e2bf22223d673087caae83edabd2"
  integrity sha512-L7cCNoPwTkAp7IBHxrKLsh7NKiVFkcdxlP9vbVw9QUvb7gF0Mz9bEBN0WY9xqdTjGF907EMT/iG013vnbqwu1Q==
  dependencies:
    es6-iterator "^2.0.3"
    es6-symbol "^3.1.3"
    next-tick "^1.1.0"

es6-iterator@^2.0.3:
  version "2.0.3"
  resolved "https://registry.yarnpkg.com/es6-iterator/-/es6-iterator-2.0.3.tgz#a7de889141a05a94b0854403b2d0a0fbfa98f3b7"
  integrity sha1-p96IkUGgWpSwhUQDstCg+/qY87c=
  dependencies:
    d "1"
    es5-ext "^0.10.35"
    es6-symbol "^3.1.1"

es6-symbol@^3.1.1, es6-symbol@^3.1.3:
  version "3.1.3"
  resolved "https://registry.yarnpkg.com/es6-symbol/-/es6-symbol-3.1.3.tgz#bad5d3c1bcdac28269f4cb331e431c78ac705d18"
  integrity sha512-NJ6Yn3FuDinBaBRWl/q5X/s4koRHBrgKAu+yGI6JCBeiu3qrcbJhwT2GeR/EXVfylRk8dpQVJoLEFhK+Mu31NA==
  dependencies:
    d "^1.0.1"
    ext "^1.1.2"

eventemitter3@^4.0.7:
  version "4.0.7"
  resolved "https://registry.yarnpkg.com/eventemitter3/-/eventemitter3-4.0.7.tgz#2de9b68f6528d5644ef5c59526a1b4a07306169f"
  integrity sha512-8guHBZCwKnFhYdHr2ysuRWErTwhoN2X8XELRlrRwpmfeY2jjuUN4taQMsULKUVo1K4DvZl+0pgfyoysHxvmvEw==

ext@^1.1.2:
  version "1.6.0"
  resolved "https://registry.yarnpkg.com/ext/-/ext-1.6.0.tgz#3871d50641e874cc172e2b53f919842d19db4c52"
  integrity sha512-sdBImtzkq2HpkdRLtlLWDa6w4DX22ijZLKx8BMPUuKe1c5lbN6xwQDQCxSfxBQnHZ13ls/FH0MQZx/q/gr6FQg==
  dependencies:
    type "^2.5.0"

fast-deep-equal@^3.1.1:
  version "3.1.3"
  resolved "https://registry.yarnpkg.com/fast-deep-equal/-/fast-deep-equal-3.1.3.tgz#3a7d56b559d6cbc3eb512325244e619a65c6c525"
  integrity sha512-f3qQ9oQy9j2AhBe/H9VC91wLmKBCCU/gDOnKNAYG5hswO7BLKj09Hc5HYNz9cGI++xlpDCIgDaitVs03ATR84Q==

fast-json-stable-stringify@^2.0.0:
  version "2.1.0"
  resolved "https://registry.yarnpkg.com/fast-json-stable-stringify/-/fast-json-stable-stringify-2.1.0.tgz#874bf69c6f404c2b5d99c481341399fd55892633"
  integrity sha512-lhd/wF+Lk98HZoTCtlVraHtfh5XYijIjalXck7saUtuanSDyLMxnHhSXEDJqHxD7msR8D0uCmqlkwjCV8xvwHw==

form-data@^3.0.0:
  version "3.0.1"
  resolved "https://registry.yarnpkg.com/form-data/-/form-data-3.0.1.tgz#ebd53791b78356a99af9a300d4282c4d5eb9755f"
  integrity sha512-RHkBKtLWUVwd7SqRIvCZMEvAMoGUp0XU+seQiZejj0COz3RI3hWP4sCv3gZWWLjJTd7rGwcsF5eKZGii0r/hbg==
  dependencies:
    asynckit "^0.4.0"
    combined-stream "^1.0.8"
    mime-types "^2.1.12"

google-protobuf@^3.14.0:
  version "3.19.4"
  resolved "https://registry.yarnpkg.com/google-protobuf/-/google-protobuf-3.19.4.tgz#8d32c3e34be9250956f28c0fb90955d13f311888"
  integrity sha512-OIPNCxsG2lkIvf+P5FNfJ/Km95CsXOBecS9ZcAU6m2Rq3svc0Apl9nB3GMDNKfQ9asNv4KjyAqGwPQFrVle3Yg==

hash-base@^3.0.0:
  version "3.1.0"
  resolved "https://registry.yarnpkg.com/hash-base/-/hash-base-3.1.0.tgz#55c381d9e06e1d2997a883b4a3fddfe7f0d3af33"
  integrity sha512-1nmYp/rhMDiE7AYkDw+lLwlAzz0AntGIe51F3RfFfEqyQ3feY2eI/NcwC6umIQVOASPMsWJLJScWKSSvzL9IVA==
  dependencies:
    inherits "^2.0.4"
    readable-stream "^3.6.0"
    safe-buffer "^5.2.0"

hash.js@^1.0.0, hash.js@^1.0.3, hash.js@^1.1.7:
  version "1.1.7"
  resolved "https://registry.yarnpkg.com/hash.js/-/hash.js-1.1.7.tgz#0babca538e8d4ee4a0f8988d68866537a003cf42"
  integrity sha512-taOaskGt4z4SOANNseOviYDvjEJinIkRgmp7LbKP2YTTmVxWBl87s/uzK9r+44BclBSp2X7K1hqeNfz9JbBeXA==
  dependencies:
    inherits "^2.0.3"
    minimalistic-assert "^1.0.1"

hmac-drbg@^1.0.1:
  version "1.0.1"
  resolved "https://registry.yarnpkg.com/hmac-drbg/-/hmac-drbg-1.0.1.tgz#d2745701025a6c775a6c545793ed502fc0c649a1"
  integrity sha1-0nRXAQJabHdabFRXk+1QL8DGSaE=
  dependencies:
    hash.js "^1.0.3"
    minimalistic-assert "^1.0.0"
    minimalistic-crypto-utils "^1.0.1"

i18n-iso-countries@^6.8.0:
  version "6.8.0"
  resolved "https://registry.yarnpkg.com/i18n-iso-countries/-/i18n-iso-countries-6.8.0.tgz#eebbc75594c6832aff86176c1bb38daa133d6dfd"
  integrity sha512-jJs/+CA6+VUICFxqGcB0vFMERGfhfvyNk+8Vb9EagSZkl7kSpm/kT0VyhvzM/zixDWEV/+oN9L7v/GT9BwzoGg==
  dependencies:
    diacritics "1.3.0"

inherits@^2.0.1, inherits@^2.0.3, inherits@^2.0.4:
  version "2.0.4"
  resolved "https://registry.yarnpkg.com/inherits/-/inherits-2.0.4.tgz#0fa2c64f932917c3433a0ded55363aae37416b7c"
  integrity sha512-k/vGaX4/Yla3WzyMCvTQOXYeIHvqOKtnqBduzTHpzpQZzAskKMhZ2K+EnBiSM9zGSoIFeMpXKxa4dYeZIQqewQ==

ip-regex@^4.3.0:
  version "4.3.0"
  resolved "https://registry.yarnpkg.com/ip-regex/-/ip-regex-4.3.0.tgz#687275ab0f57fa76978ff8f4dddc8a23d5990db5"
  integrity sha512-B9ZWJxHHOHUhUjCPrMpLD4xEq35bUTClHM1S6CBU5ixQnkZmwipwgc96vAd7AAGM9TGHvJR+Uss+/Ak6UphK+Q==

is-buffer@^2.0.0:
  version "2.0.5"
  resolved "https://registry.yarnpkg.com/is-buffer/-/is-buffer-2.0.5.tgz#ebc252e400d22ff8d77fa09888821a24a658c191"
  integrity sha512-i2R6zNFDwgEHJyQUtJEk0XFi1i0dPFn/oqjK3/vPCcDeJvW5NQ83V8QbicfF1SupOaB0h8ntgBC2YiE7dfyctQ==

is-typedarray@^1.0.0:
  version "1.0.0"
  resolved "https://registry.yarnpkg.com/is-typedarray/-/is-typedarray-1.0.0.tgz#e479c80858df0c1b11ddda6940f96011fcda4a9a"
  integrity sha1-5HnICFjfDBsR3dppQPlgEfzaSpo=

iso-3166-2@^1.0.0:
  version "1.0.0"
  resolved "https://registry.yarnpkg.com/iso-3166-2/-/iso-3166-2-1.0.0.tgz#20c5cda527b56bfc7409c6802d9bff0119086131"
  integrity sha512-xLAazfKZzwlsg/Zz/GQGQk3jJez5/2ORrjD3TjSuqz/arMht/xTK49c0GOE3afO/gEd9tHtBVVlfBla01unUng==

iso-639-1@^2.1.9:
  version "2.1.13"
  resolved "https://registry.yarnpkg.com/iso-639-1/-/iso-639-1-2.1.13.tgz#bfca6c6b49be6f92815f1985e892d497770ea1dc"
  integrity sha512-stYt3u6OnVDNcK4IWARGXmTOOY5Wa5g4bUmBsttZp/55ZiEjDUibR3C59ZnorKoSS0tfJmFuGMST3ksnY1zu7Q==

js-sha3@^0.8.0:
  version "0.8.0"
  resolved "https://registry.yarnpkg.com/js-sha3/-/js-sha3-0.8.0.tgz#b9b7a5da73afad7dedd0f8c463954cbde6818840"
  integrity sha512-gF1cRrHhIzNfToc802P800N8PpXS+evLLXfsVpowqmAFR9uwbi89WvXg2QspOmXL8QL86J4T1EpFu+yUkwJY3Q==

json-schema-traverse@^0.4.1:
  version "0.4.1"
  resolved "https://registry.yarnpkg.com/json-schema-traverse/-/json-schema-traverse-0.4.1.tgz#69f6a87d9513ab8bb8fe63bdb0979c448e684660"
  integrity sha512-xbbCH5dCYU5T8LcEhhuh7HJ88HXuW3qsI3Y0zOZFKfZEHcpWiHU/Jxzk629Brsab/mMiHQti9wMP+845RPe3Vg==

lodash@^4.17.15:
  version "4.17.21"
  resolved "https://registry.yarnpkg.com/lodash/-/lodash-4.17.21.tgz#679591c564c3bffaae8454cf0b3df370c3d6911c"
  integrity sha512-v2kDEe57lecTulaDIuNTPy3Ry4gLGJ6Z1O3vE1krgXZNrsQ+LFTGHVxVjcXPs17LhbZVGedAJv8XZ1tvj5FvSg==

long@^4.0.0:
  version "4.0.0"
  resolved "https://registry.yarnpkg.com/long/-/long-4.0.0.tgz#9a7b71cfb7d361a194ea555241c92f7468d5bf28"
  integrity sha512-XsP+KhQif4bjX1kbuSiySJFNAehNxgLb6hPRGJ9QsUr8ajHkuXGdrHmFUTUUXhDwVX2R5bY4JNZEwbUiMhV+MA==

make-error@^1.1.1:
  version "1.3.6"
  resolved "https://registry.yarnpkg.com/make-error/-/make-error-1.3.6.tgz#2eb2e37ea9b67c4891f684a1394799af484cf7a2"
  integrity sha512-s8UhlNe7vPKomQhC1qFelMokr/Sc3AgNbso3n74mVPA5LTZwkB9NlXf4XPamLxJE8h0gh73rM94xvwRT2CVInw==

md5.js@^1.3.4:
  version "1.3.5"
  resolved "https://registry.yarnpkg.com/md5.js/-/md5.js-1.3.5.tgz#b5d07b8e3216e3e27cd728d72f70d1e6a342005f"
  integrity sha512-xitP+WxNPcTTOgnTJcrhM0xvdPepipPSf3I8EIpGKeFLjt3PlJLIDG3u8EX53ZIubkb+5U2+3rELYpEhHhzdkg==
  dependencies:
    hash-base "^3.0.0"
    inherits "^2.0.1"
    safe-buffer "^5.1.2"

micro-base@^0.9.0:
  version "0.9.0"
  resolved "https://registry.yarnpkg.com/micro-base/-/micro-base-0.9.0.tgz#09cfe20285bec0ea97f41dc3d10e3fba3d0266ee"
  integrity sha512-4+tOMKidYT5nQ6/UNmYrGVO5PMcnJdfuR4NC8HK8s2H61B4itOhA9yrsjBdqGV7ecdtej36x3YSIfPLRmPrspg==

mime-db@1.51.0:
  version "1.51.0"
  resolved "https://registry.yarnpkg.com/mime-db/-/mime-db-1.51.0.tgz#d9ff62451859b18342d960850dc3cfb77e63fb0c"
  integrity sha512-5y8A56jg7XVQx2mbv1lu49NR4dokRnhZYTtL+KGfaa27uq4pSTXkwQkFJl4pkRMyNFz/EtYDSkiiEHx3F7UN6g==

mime-types@^2.1.12:
  version "2.1.34"
  resolved "https://registry.yarnpkg.com/mime-types/-/mime-types-2.1.34.tgz#5a712f9ec1503511a945803640fafe09d3793c24"
  integrity sha512-6cP692WwGIs9XXdOO4++N+7qjqv0rqxxVvJ3VHPh/Sc9mVZcQP+ZGhkKiTvWMQRr2tbHkJP/Yn7Y0npb3ZBs4A==
  dependencies:
    mime-db "1.51.0"

minimalistic-assert@^1.0.0, minimalistic-assert@^1.0.1:
  version "1.0.1"
  resolved "https://registry.yarnpkg.com/minimalistic-assert/-/minimalistic-assert-1.0.1.tgz#2e194de044626d4a10e7f7fbc00ce73e83e4d5c7"
  integrity sha512-UtJcAD4yEaGtjPezWuO9wC4nwUnVH/8/Im3yEHQP4b67cXlD/Qr9hdITCU1xDbSEXg2XKNaP8jsReV7vQd00/A==

minimalistic-crypto-utils@^1.0.1:
  version "1.0.1"
  resolved "https://registry.yarnpkg.com/minimalistic-crypto-utils/-/minimalistic-crypto-utils-1.0.1.tgz#f6c00c1c0b082246e5c4d99dfb8c7c083b2b582a"
  integrity sha1-9sAMHAsIIkblxNmd+4x8CDsrWCo=

moment@^2.24.0:
  version "2.29.4"
  resolved "https://registry.yarnpkg.com/moment/-/moment-2.29.4.tgz#3dbe052889fe7c1b2ed966fcb3a77328964ef108"
  integrity sha512-5LC9SOxjSc2HF6vO2CyuTDNivEdoz2IvyJJGj6X8DJ0eFyfszE0QiEd+iXmBvUP3WHxSjFH/vIsA0EN00cgr8w==

ms@2.0.0:
  version "2.0.0"
  resolved "https://registry.yarnpkg.com/ms/-/ms-2.0.0.tgz#5608aeadfc00be6c2901df5f9861788de0d597c8"
  integrity sha1-VgiurfwAvmwpAd9fmGF4jeDVl8g=

next-tick@^1.1.0:
  version "1.1.0"
  resolved "https://registry.yarnpkg.com/next-tick/-/next-tick-1.1.0.tgz#1836ee30ad56d67ef281b22bd199f709449b35eb"
  integrity sha512-CXdUiJembsNjuToQvxayPZF9Vqht7hewsvy2sOWafLvi2awflj9mOC6bHIg50orX8IJvWKY9wYQ/zB2kogPslQ==

node-fetch@^2.6.6:
  version "2.6.7"
  resolved "https://registry.yarnpkg.com/node-fetch/-/node-fetch-2.6.7.tgz#24de9fba827e3b4ae44dc8b20256a379160052ad"
  integrity sha512-ZjMPFEfVx5j+y2yF35Kzx5sF7kDzxuDj6ziH4FFbOp87zKDZNx8yExJIb05OGF4Nlt9IHFIMBkRl41VdvcNdbQ==
  dependencies:
    whatwg-url "^5.0.0"

node-gyp-build@^4.3.0:
  version "4.3.0"
  resolved "https://registry.yarnpkg.com/node-gyp-build/-/node-gyp-build-4.3.0.tgz#9f256b03e5826150be39c764bf51e993946d71a3"
  integrity sha512-iWjXZvmboq0ja1pUGULQBexmxq8CV4xBhX7VDOTbL7ZR4FOowwY/VOtRxBN/yKxmdGoIp4j5ysNT4u3S2pDQ3Q==

protobufjs@^6.11.2:
  version "6.11.4"
  resolved "https://registry.yarnpkg.com/protobufjs/-/protobufjs-6.11.4.tgz#29a412c38bf70d89e537b6d02d904a6f448173aa"
  integrity sha512-5kQWPaJHi1WoCpjTGszzQ32PG2F4+wRY6BmAT4Vfw56Q2FZ4YZzK20xUYQH4YkfehY1e6QSICrJquM6xXZNcrw==
  dependencies:
    "@protobufjs/aspromise" "^1.1.2"
    "@protobufjs/base64" "^1.1.2"
    "@protobufjs/codegen" "^2.0.4"
    "@protobufjs/eventemitter" "^1.1.0"
    "@protobufjs/fetch" "^1.1.0"
    "@protobufjs/float" "^1.0.2"
    "@protobufjs/inquire" "^1.1.0"
    "@protobufjs/path" "^1.1.2"
    "@protobufjs/pool" "^1.1.0"
    "@protobufjs/utf8" "^1.1.0"
    "@types/long" "^4.0.1"
    "@types/node" ">=13.7.0"
    long "^4.0.0"

punycode@^2.1.0:
  version "2.1.1"
  resolved "https://registry.yarnpkg.com/punycode/-/punycode-2.1.1.tgz#b58b010ac40c22c5657616c8d2c2c02c7bf479ec"
  integrity sha512-XRsRjdf+j5ml+y/6GKHPZbrF/8p2Yga0JPtdqTIY2Xe5ohJPD9saDJJLPvp9+NSBprVvevdXZybnj2cv8OEd0A==

readable-stream@^3.6.0:
  version "3.6.0"
  resolved "https://registry.yarnpkg.com/readable-stream/-/readable-stream-3.6.0.tgz#337bbda3adc0706bd3e024426a286d4b4b2c9198"
  integrity sha512-BViHy7LKeTz4oNnkcLJ+lVSL6vpiFeX6/d3oSH8zCW7UxP2onchk+vTGB143xuFjHS3deTgkKoXXymXqymiIdA==
  dependencies:
    inherits "^2.0.3"
    string_decoder "^1.1.1"
    util-deprecate "^1.0.1"

regenerator-runtime@^0.13.10:
  version "0.13.10"
  resolved "https://registry.yarnpkg.com/regenerator-runtime/-/regenerator-runtime-0.13.10.tgz#ed07b19616bcbec5da6274ebc75ae95634bfc2ee"
  integrity sha512-KepLsg4dU12hryUO7bp/axHAKvwGOCV0sGloQtpagJ12ai+ojVDqkeGSiRX1zlq+kjIMZ1t7gpze+26QqtdGqw==

regenerator-runtime@^0.13.4:
  version "0.13.9"
  resolved "https://registry.yarnpkg.com/regenerator-runtime/-/regenerator-runtime-0.13.9.tgz#8925742a98ffd90814988d7566ad30ca3b263b52"
  integrity sha512-p3VT+cOEgxFsRRA9X4lkI1E+k2/CtnKtU4gcxyaCUreilL/vqI6CdZ3wxVUx3UOUg+gnUOQQcRI7BmSI656MYA==

ripemd160@^2.0.1:
  version "2.0.2"
  resolved "https://registry.yarnpkg.com/ripemd160/-/ripemd160-2.0.2.tgz#a1c1a6f624751577ba5d07914cbc92850585890c"
  integrity sha512-ii4iagi25WusVoiC4B4lq7pbXfAp3D9v5CwfkY33vffw2+pkDjY1D8GaN7spsxvCSx8dkPqOZCEZyfxcmJG2IA==
  dependencies:
    hash-base "^3.0.0"
    inherits "^2.0.1"

rxjs@^7.3.0:
  version "7.5.5"
  resolved "https://registry.yarnpkg.com/rxjs/-/rxjs-7.5.5.tgz#2ebad89af0f560f460ad5cc4213219e1f7dd4e9f"
  integrity sha512-sy+H0pQofO95VDmFLzyaw9xNJU4KTRSwQIGM6+iG3SypAtCiLDzpeG8sJrNCWn2Up9km+KhkvTdbkrdy+yzZdw==
  dependencies:
    tslib "^2.1.0"

safe-buffer@^5.0.1, safe-buffer@^5.1.2, safe-buffer@^5.2.0, safe-buffer@~5.2.0:
  version "5.2.1"
  resolved "https://registry.yarnpkg.com/safe-buffer/-/safe-buffer-5.2.1.tgz#1eaf9fa9bdb1fdd4ec75f58f9cdb4e6b7827eec6"
  integrity sha512-rp3So07KcdmmKbGvgaNxQSJr7bGVSVk5S9Eq1F+ppbRo70+YeaDxkw5Dd8NPN+GD6bjnYm2VuPuCXmpuYvmCXQ==

scryptsy@^2.1.0:
  version "2.1.0"
  resolved "https://registry.yarnpkg.com/scryptsy/-/scryptsy-2.1.0.tgz#8d1e8d0c025b58fdd25b6fa9a0dc905ee8faa790"
  integrity sha512-1CdSqHQowJBnMAFyPEBRfqag/YP9OF394FV+4YREIJX4ljD7OxvQRDayyoyyCk+senRjSkP6VnUNQmVQqB6g7w==

sha.js@^2.4.0:
  version "2.4.11"
  resolved "https://registry.yarnpkg.com/sha.js/-/sha.js-2.4.11.tgz#37a5cf0b81ecbc6943de109ba2960d1b26584ae7"
  integrity sha512-QMEp5B7cftE7APOjk5Y6xgrbWu+WkLVQwk8JNjZ8nKRciZaByEW6MubieAiToS7+dwvrjGhH8jRXz3MVd0AYqQ==
  dependencies:
    inherits "^2.0.1"
    safe-buffer "^5.0.1"

string_decoder@^1.1.1:
  version "1.3.0"
  resolved "https://registry.yarnpkg.com/string_decoder/-/string_decoder-1.3.0.tgz#42f114594a46cf1a8e30b0a84f56c78c3edac21e"
  integrity sha512-hkRX8U1WjJFd8LsDJ2yQ/wWWxaopEsABU1XfkM8A+j0+85JAGppt16cr1Whg6KIbb4okU6Mql6BOj+uup/wKeA==
  dependencies:
    safe-buffer "~5.2.0"

tr46@~0.0.3:
  version "0.0.3"
  resolved "https://registry.yarnpkg.com/tr46/-/tr46-0.0.3.tgz#8184fd347dac9cdc185992f3a6622e14b9d9ab6a"
  integrity sha1-gYT9NH2snNwYWZLzpmIuFLnZq2o=

ts-node@^10.5.0:
  version "10.9.1"
  resolved "https://registry.yarnpkg.com/ts-node/-/ts-node-10.9.1.tgz#e73de9102958af9e1f0b168a6ff320e25adcff4b"
  integrity sha512-NtVysVPkxxrwFGUUxGYhfux8k78pQB3JqYBXlLRZgdGUqTO5wU/UyHop5p70iEbGhB7q5KmiZiU0Y3KlJrScEw==
  dependencies:
    "@cspotcode/source-map-support" "^0.8.0"
    "@tsconfig/node10" "^1.0.7"
    "@tsconfig/node12" "^1.0.7"
    "@tsconfig/node14" "^1.0.0"
    "@tsconfig/node16" "^1.0.2"
    acorn "^8.4.1"
    acorn-walk "^8.1.1"
    arg "^4.1.0"
    create-require "^1.1.0"
    diff "^4.0.1"
    make-error "^1.1.1"
    v8-compile-cache-lib "^3.0.1"
    yn "3.1.1"

tslib@^2.1.0:
  version "2.3.1"
  resolved "https://registry.yarnpkg.com/tslib/-/tslib-2.3.1.tgz#e8a335add5ceae51aa261d32a490158ef042ef01"
  integrity sha512-77EbyPPpMz+FRFRuAFlWMtmgUWGe9UOG2Z25NqCwiIjRhOf5iKGuzSe5P2w1laq+FkRy4p+PCuVkJSGkzTEKVw==

tweetnacl@1.x.x, tweetnacl@^1.0.3:
  version "1.0.3"
  resolved "https://registry.yarnpkg.com/tweetnacl/-/tweetnacl-1.0.3.tgz#ac0af71680458d8a6378d0d0d050ab1407d35596"
  integrity sha512-6rt+RN7aOi1nGMyC4Xa5DdYiukl2UWCbcJft7YhxReBGQD7OAM8Pbxw6YMo4r2diNEA8FEmu32YOn9rhaiE5yw==

type@^1.0.1:
  version "1.2.0"
  resolved "https://registry.yarnpkg.com/type/-/type-1.2.0.tgz#848dd7698dafa3e54a6c479e759c4bc3f18847a0"
  integrity sha512-+5nt5AAniqsCnu2cEQQdpzCAh33kVx8n0VoFidKpB1dVVLAN/F+bgVOqOJqOnEnrhp222clB5p3vUlD+1QAnfg==

type@^2.5.0:
  version "2.6.0"
  resolved "https://registry.yarnpkg.com/type/-/type-2.6.0.tgz#3ca6099af5981d36ca86b78442973694278a219f"
  integrity sha512-eiDBDOmkih5pMbo9OqsqPRGMljLodLcwd5XD5JbtNB0o89xZAwynY9EdCDsJU7LtcVCClu9DvM7/0Ep1hYX3EQ==

typedarray-to-buffer@^3.1.5:
  version "3.1.5"
  resolved "https://registry.yarnpkg.com/typedarray-to-buffer/-/typedarray-to-buffer-3.1.5.tgz#a97ee7a9ff42691b9f783ff1bc5112fe3fca9080"
  integrity sha512-zdu8XMNEDepKKR+XYOXAVPtWui0ly0NtohUscw+UmaHiAWT8hrV1rr//H6V+0DvJ3OQ19S979M0laLfX8rm82Q==
  dependencies:
    is-typedarray "^1.0.0"

typescript@^4.3.5:
  version "4.6.2"
  resolved "https://registry.yarnpkg.com/typescript/-/typescript-4.6.2.tgz#fe12d2727b708f4eef40f51598b3398baa9611d4"
  integrity sha512-HM/hFigTBHZhLXshn9sN37H085+hQGeJHJ/X7LpBWLID/fbc2acUMfU+lGD98X81sKP+pFa9f0DZmCwB9GnbAg==

unist-util-stringify-position@^3.0.0:
  version "3.0.2"
  resolved "https://registry.yarnpkg.com/unist-util-stringify-position/-/unist-util-stringify-position-3.0.2.tgz#5c6aa07c90b1deffd9153be170dce628a869a447"
  integrity sha512-7A6eiDCs9UtjcwZOcCpM4aPII3bAAGv13E96IkawkOAW0OhH+yRxtY0lzo8KiHpzEMfH7Q+FizUmwp8Iqy5EWg==
  dependencies:
    "@types/unist" "^2.0.0"

uri-js@^4.2.2:
  version "4.4.1"
  resolved "https://registry.yarnpkg.com/uri-js/-/uri-js-4.4.1.tgz#9b1a52595225859e55f669d928f88c6c57f2a77e"
  integrity sha512-7rKUyy33Q1yc98pQ1DAmLtwX109F7TIfWlW1Ydo8Wl1ii1SeHieeh0HHfPeL2fMXK6z0s8ecKs9frCuLJvndBg==
  dependencies:
    punycode "^2.1.0"

utf-8-validate@^5.0.2:
  version "5.0.9"
  resolved "https://registry.yarnpkg.com/utf-8-validate/-/utf-8-validate-5.0.9.tgz#ba16a822fbeedff1a58918f2a6a6b36387493ea3"
  integrity sha512-Yek7dAy0v3Kl0orwMlvi7TPtiCNrdfHNd7Gcc/pLq4BLXqfAmd0J7OWMizUQnTTJsyjKn02mU7anqwfmUP4J8Q==
  dependencies:
    node-gyp-build "^4.3.0"

util-deprecate@^1.0.1:
  version "1.0.2"
  resolved "https://registry.yarnpkg.com/util-deprecate/-/util-deprecate-1.0.2.tgz#450d4dc9fa70de732762fbd2d4a28981419a0ccf"
  integrity sha1-RQ1Nyfpw3nMnYvvS1KKJgUGaDM8=

v8-compile-cache-lib@^3.0.1:
  version "3.0.1"
  resolved "https://registry.yarnpkg.com/v8-compile-cache-lib/-/v8-compile-cache-lib-3.0.1.tgz#6336e8d71965cb3d35a1bbb7868445a7c05264bf"
  integrity sha512-wa7YjyUGfNZngI/vtK0UHAN+lgDCxBPCylVXGp0zu59Fz5aiGtNXaq3DhIov063MorB+VfufLh3JlF2KdTK3xg==

vfile-message@^3.0.0:
  version "3.1.2"
  resolved "https://registry.yarnpkg.com/vfile-message/-/vfile-message-3.1.2.tgz#a2908f64d9e557315ec9d7ea3a910f658ac05f7d"
  integrity sha512-QjSNP6Yxzyycd4SVOtmKKyTsSvClqBPJcd00Z0zuPj3hOIjg0rUPG6DbFGPvUKRgYyaIWLPKpuEclcuvb3H8qA==
  dependencies:
    "@types/unist" "^2.0.0"
    unist-util-stringify-position "^3.0.0"

vfile@*:
  version "5.3.2"
  resolved "https://registry.yarnpkg.com/vfile/-/vfile-5.3.2.tgz#b499fbc50197ea50ad3749e9b60beb16ca5b7c54"
  integrity sha512-w0PLIugRY3Crkgw89TeMvHCzqCs/zpreR31hl4D92y6SOE07+bfJe+dK5Q2akwS+i/c801kzjoOr9gMcTe6IAA==
  dependencies:
    "@types/unist" "^2.0.0"
    is-buffer "^2.0.0"
    unist-util-stringify-position "^3.0.0"
    vfile-message "^3.0.0"

webidl-conversions@^3.0.0:
  version "3.0.1"
  resolved "https://registry.yarnpkg.com/webidl-conversions/-/webidl-conversions-3.0.1.tgz#24534275e2a7bc6be7bc86611cc16ae0a5654871"
  integrity sha1-JFNCdeKnvGvnvIZhHMFq4KVlSHE=

websocket@^1.0.34:
  version "1.0.34"
  resolved "https://registry.yarnpkg.com/websocket/-/websocket-1.0.34.tgz#2bdc2602c08bf2c82253b730655c0ef7dcab3111"
  integrity sha512-PRDso2sGwF6kM75QykIesBijKSVceR6jL2G8NGYyq2XrItNC2P5/qL5XeR056GhA+Ly7JMFvJb9I312mJfmqnQ==
  dependencies:
    bufferutil "^4.0.1"
    debug "^2.2.0"
    es5-ext "^0.10.50"
    typedarray-to-buffer "^3.1.5"
    utf-8-validate "^5.0.2"
    yaeti "^0.0.6"

whatwg-url@^5.0.0:
  version "5.0.0"
  resolved "https://registry.yarnpkg.com/whatwg-url/-/whatwg-url-5.0.0.tgz#966454e8765462e37644d3626f6742ce8b70965d"
  integrity sha1-lmRU6HZUYuN2RNNib2dCzotwll0=
  dependencies:
    tr46 "~0.0.3"
    webidl-conversions "^3.0.0"

xxhashjs@^0.2.2:
  version "0.2.2"
  resolved "https://registry.yarnpkg.com/xxhashjs/-/xxhashjs-0.2.2.tgz#8a6251567621a1c46a5ae204da0249c7f8caa9d8"
  integrity sha512-AkTuIuVTET12tpsVIQo+ZU6f/qDmKuRUcjaqR+OIvm+aCBsZ95i7UVY5WJ9TMsSaZ0DA2WxoZ4acu0sPH+OKAw==
  dependencies:
    cuint "^0.2.2"

yaeti@^0.0.6:
  version "0.0.6"
  resolved "https://registry.yarnpkg.com/yaeti/-/yaeti-0.0.6.tgz#f26f484d72684cf42bedfb76970aa1608fbf9577"
  integrity sha1-8m9ITXJoTPQr7ft2lwqhYI+/lXc=

yn@3.1.1:
  version "3.1.1"
  resolved "https://registry.yarnpkg.com/yn/-/yn-3.1.1.tgz#1e87401a09d767c1d5eab26a6e4c185182d2eb50"
  integrity sha512-Ux4ygGWsu2c7isFWe8Yu1YluJmqVhxqK2cLXNQA5AcC3QfbGNpM7fu0Y8b/z16pXLnFxZYvWhd3fhBY9DLmC6Q==
